{
  "version": 4,
  "terraform_version": "1.1.6",
  "serial": 7,
  "lineage": "cbb2b913-c518-08cd-3011-3f1bd3ac3703",
  "outputs": {},
  "resources": [
    {
      "mode": "managed",
      "type": "azurerm_network_interface",
      "name": "nic",
      "provider": "provider[\"registry.terraform.io/hashicorp/azurerm\"]",
      "instances": [
        {
          "schema_version": 0,
          "attributes": {
            "applied_dns_servers": [],
            "dns_servers": [],
            "enable_accelerated_networking": false,
            "enable_ip_forwarding": false,
            "id": "/subscriptions/bad5e280-31e7-4f3e-961c-263486f09f86/resourceGroups/Terraform_Import_Demo_RG/providers/Microsoft.Network/networkInterfaces/import-demo-vm624",
            "internal_dns_name_label": "",
            "internal_domain_name_suffix": "k3zm3avdxncezezvpon01azylg.rx.internal.cloudapp.net",
            "ip_configuration": [
              {
                "gateway_load_balancer_frontend_ip_configuration_id": "",
                "name": "ipconfig1",
                "primary": true,
                "private_ip_address": "10.0.2.4",
                "private_ip_address_allocation": "Dynamic",
                "private_ip_address_version": "IPv4",
                "public_ip_address_id": "/subscriptions/bad5e280-31e7-4f3e-961c-263486f09f86/resourceGroups/Terraform_Import_Demo_RG/providers/Microsoft.Network/publicIPAddresses/import-demo-VM-ip",
                "subnet_id": "/subscriptions/bad5e280-31e7-4f3e-961c-263486f09f86/resourceGroups/Terraform_Import_Demo_RG/providers/Microsoft.Network/virtualNetworks/vnet/subnets/import_subnet"
              }
            ],
            "location": "centralindia",
            "mac_address": "60-45-BD-A5-DD-B5",
            "name": "import-demo-vm624",
            "private_ip_address": "10.0.2.4",
            "private_ip_addresses": [
              "10.0.2.4"
            ],
            "resource_group_name": "Terraform_Import_Demo_RG",
            "tags": {},
            "timeouts": {
              "create": null,
              "delete": null,
              "read": null,
              "update": null
            },
            "virtual_machine_id": "/subscriptions/bad5e280-31e7-4f3e-961c-263486f09f86/resourceGroups/Terraform_Import_Demo_RG/providers/Microsoft.Compute/virtualMachines/import-demo-VM"
          },
          "sensitive_attributes": [],
          "private": "eyJlMmJmYjczMC1lY2FhLTExZTYtOGY4OC0zNDM2M2JjN2M0YzAiOnsiY3JlYXRlIjoxODAwMDAwMDAwMDAwLCJkZWxldGUiOjE4MDAwMDAwMDAwMDAsInJlYWQiOjMwMDAwMDAwMDAwMCwidXBkYXRlIjoxODAwMDAwMDAwMDAwfSwic2NoZW1hX3ZlcnNpb24iOiIwIn0="
        }
      ]
    },
    {
      "mode": "managed",
      "type": "azurerm_network_interface_security_group_association",
      "name": "nsg_nic_association",
      "provider": "provider[\"registry.terraform.io/hashicorp/azurerm\"]",
      "instances": [
        {
          "schema_version": 0,
          "attributes": {
            "id": "/subscriptions/bad5e280-31e7-4f3e-961c-263486f09f86/resourceGroups/Terraform_Import_Demo_RG/providers/Microsoft.Network/networkInterfaces/import-demo-vm624|/subscriptions/bad5e280-31e7-4f3e-961c-263486f09f86/resourceGroups/Terraform_Import_Demo_RG/providers/Microsoft.Network/networkSecurityGroups/import-demo-VM-nsg",
            "network_interface_id": "/subscriptions/bad5e280-31e7-4f3e-961c-263486f09f86/resourceGroups/Terraform_Import_Demo_RG/providers/Microsoft.Network/networkInterfaces/import-demo-vm624",
            "network_security_group_id": "/subscriptions/bad5e280-31e7-4f3e-961c-263486f09f86/resourceGroups/Terraform_Import_Demo_RG/providers/Microsoft.Network/networkSecurityGroups/import-demo-VM-nsg",
            "timeouts": {
              "create": null,
              "delete": null,
              "read": null,
              "update": null
            }
          },
          "sensitive_attributes": [],
          "private": "eyJlMmJmYjczMC1lY2FhLTExZTYtOGY4OC0zNDM2M2JjN2M0YzAiOnsiY3JlYXRlIjoxODAwMDAwMDAwMDAwLCJkZWxldGUiOjE4MDAwMDAwMDAwMDAsInJlYWQiOjMwMDAwMDAwMDAwMCwidXBkYXRlIjoxODAwMDAwMDAwMDAwfSwic2NoZW1hX3ZlcnNpb24iOiIwIn0="
        }
      ]
    },
    {
      "mode": "managed",
      "type": "azurerm_network_security_group",
      "name": "nsg_ssh_allow",
      "provider": "provider[\"registry.terraform.io/hashicorp/azurerm\"]",
      "instances": [
        {
          "schema_version": 0,
          "attributes": {
            "id": "/subscriptions/bad5e280-31e7-4f3e-961c-263486f09f86/resourceGroups/Terraform_Import_Demo_RG/providers/Microsoft.Network/networkSecurityGroups/import-demo-VM-nsg",
            "location": "centralindia",
            "name": "import-demo-VM-nsg",
            "resource_group_name": "Terraform_Import_Demo_RG",
            "security_rule": [
              {
                "access": "Allow",
                "description": "",
                "destination_address_prefix": "*",
                "destination_address_prefixes": [],
                "destination_application_security_group_ids": [],
                "destination_port_range": "22",
                "destination_port_ranges": [],
                "direction": "Inbound",
                "name": "default-allow-ssh",
                "priority": 1000,
                "protocol": "TCP",
                "source_address_prefix": "*",
                "source_address_prefixes": [],
                "source_application_security_group_ids": [],
                "source_port_range": "*",
                "source_port_ranges": []
              }
            ],
            "tags": {},
            "timeouts": {
              "create": null,
              "delete": null,
              "read": null,
              "update": null
            }
          },
          "sensitive_attributes": [],
          "private": "eyJlMmJmYjczMC1lY2FhLTExZTYtOGY4OC0zNDM2M2JjN2M0YzAiOnsiY3JlYXRlIjoxODAwMDAwMDAwMDAwLCJkZWxldGUiOjE4MDAwMDAwMDAwMDAsInJlYWQiOjMwMDAwMDAwMDAwMCwidXBkYXRlIjoxODAwMDAwMDAwMDAwfSwic2NoZW1hX3ZlcnNpb24iOiIwIn0="
        }
      ]
    },
    {
      "mode": "managed",
      "type": "azurerm_resource_group",
      "name": "import_rg",
      "provider": "provider[\"registry.terraform.io/hashicorp/azurerm\"]",
      "instances": [
        {
          "schema_version": 0,
          "attributes": {
            "id": "/subscriptions/bad5e280-31e7-4f3e-961c-263486f09f86/resourceGroups/Terraform_Import_Demo_RG",
            "location": "centralindia",
            "name": "Terraform_Import_Demo_RG",
            "tags": null,
            "timeouts": null
          },
          "sensitive_attributes": [],
          "private": "eyJlMmJmYjczMC1lY2FhLTExZTYtOGY4OC0zNDM2M2JjN2M0YzAiOnsiY3JlYXRlIjo1NDAwMDAwMDAwMDAwLCJkZWxldGUiOjU0MDAwMDAwMDAwMDAsInJlYWQiOjMwMDAwMDAwMDAwMCwidXBkYXRlIjo1NDAwMDAwMDAwMDAwfX0="
        }
      ]
    },
    {
      "mode": "managed",
      "type": "azurerm_subnet",
      "name": "import_subnet",
      "provider": "provider[\"registry.terraform.io/hashicorp/azurerm\"]",
      "instances": [
        {
          "schema_version": 0,
          "attributes": {
            "address_prefix": "10.0.2.0/24",
            "address_prefixes": [
              "10.0.2.0/24"
            ],
            "delegation": [],
            "enforce_private_link_endpoint_network_policies": false,
            "enforce_private_link_service_network_policies": false,
            "id": "/subscriptions/bad5e280-31e7-4f3e-961c-263486f09f86/resourceGroups/Terraform_Import_Demo_RG/providers/Microsoft.Network/virtualNetworks/vnet/subnets/import_subnet",
            "name": "import_subnet",
            "resource_group_name": "Terraform_Import_Demo_RG",
            "service_endpoint_policy_ids": null,
            "service_endpoints": null,
            "timeouts": null,
            "virtual_network_name": "vnet"
          },
          "sensitive_attributes": [],
          "private": "eyJlMmJmYjczMC1lY2FhLTExZTYtOGY4OC0zNDM2M2JjN2M0YzAiOnsiY3JlYXRlIjoxODAwMDAwMDAwMDAwLCJkZWxldGUiOjE4MDAwMDAwMDAwMDAsInJlYWQiOjMwMDAwMDAwMDAwMCwidXBkYXRlIjoxODAwMDAwMDAwMDAwfX0=",
          "dependencies": [
            "azurerm_resource_group.import_rg",
            "azurerm_virtual_network.import_vnet"
          ]
        }
      ]
    },
    {
      "mode": "managed",
      "type": "azurerm_virtual_network",
      "name": "import_vnet",
      "provider": "provider[\"registry.terraform.io/hashicorp/azurerm\"]",
      "instances": [
        {
          "schema_version": 0,
          "attributes": {
            "address_space": [
              "10.0.0.0/16"
            ],
            "bgp_community": "",
            "ddos_protection_plan": [],
            "dns_servers": [],
            "flow_timeout_in_minutes": 0,
            "guid": "82ce7257-bba3-4c44-9335-7b9bad83385e",
            "id": "/subscriptions/bad5e280-31e7-4f3e-961c-263486f09f86/resourceGroups/Terraform_Import_Demo_RG/providers/Microsoft.Network/virtualNetworks/vnet",
            "location": "centralindia",
            "name": "vnet",
            "resource_group_name": "Terraform_Import_Demo_RG",
            "subnet": [],
            "tags": null,
            "timeouts": null,
            "vm_protection_enabled": false
          },
          "sensitive_attributes": [],
          "private": "eyJlMmJmYjczMC1lY2FhLTExZTYtOGY4OC0zNDM2M2JjN2M0YzAiOnsiY3JlYXRlIjoxODAwMDAwMDAwMDAwLCJkZWxldGUiOjE4MDAwMDAwMDAwMDAsInJlYWQiOjMwMDAwMDAwMDAwMCwidXBkYXRlIjoxODAwMDAwMDAwMDAwfX0=",
          "dependencies": [
            "azurerm_resource_group.import_rg"
          ]
        }
      ]
    }
  ]
}
